
Microsoft Visual Studio Solution File, Format Version 12.00
# Visual Studio 2012
Project("{FAE04EC0-301F-11D3-BF4B-00C04F79EFBC}") = "ScrollViewTester", "ScrollViewTester.csproj", "{54B13CD8-3A72-423B-9738-1F26519EEAD5}"
EndProject
Global
	GlobalSection(SolutionConfigurationPlatforms) = preSolution
		Debug|iPhoneSimulator = Debug|iPhoneSimulator
		Release|iPhone = Release|iPhone
		Release|iPhoneSimulator = Release|iPhoneSimulator
		Debug|iPhone = Debug|iPhone
	EndGlobalSection
	GlobalSection(ProjectConfigurationPlatforms) = postSolution
		{54B13CD8-3A72-423B-9738-1F26519EEAD5}.Debug|iPhoneSimulator.ActiveCfg = Debug|iPhoneSimulator
		{54B13CD8-3A72-423B-9738-1F26519EEAD5}.Debug|iPhoneSimulator.Build.0 = Debug|iPhoneSimulator
		{54B13CD8-3A72-423B-9738-1F26519EEAD5}.Release|iPhone.ActiveCfg = Release|iPhone
		{54B13CD8-3A72-423B-9738-1F26519EEAD5}.Release|iPhone.Build.0 = Release|iPhone
		{54B13CD8-3A72-423B-9738-1F26519EEAD5}.Release|iPhoneSimulator.ActiveCfg = Release|iPhoneSimulator
		{54B13CD8-3A72-423B-9738-1F26519EEAD5}.Release|iPhoneSimulator.Build.0 = Release|iPhoneSimulator
		{54B13CD8-3A72-423B-9738-1F26519EEAD5}.Debug|iPhone.ActiveCfg = Debug|iPhone
		{54B13CD8-3A72-423B-9738-1F26519EEAD5}.Debug|iPhone.Build.0 = Debug|iPhone
	EndGlobalSection
EndGlobal
